
Microsoft Visual Studio Solution File, Format Version 12.00
# Visual Studio Version 16
VisualStudioVersion = 16.0.30002.166
MinimumVisualStudioVersion = 10.0.40219.1
Project("{FAE04EC0-301F-11D3-BF4B-00C04F79EFBC}") = "FMS_Exception", "FMS_Exception\FMS_Exception.csproj", "{44C84E84-EC1B-45C0-ABDE-8EA25F72B901}"
EndProject
Project("{FAE04EC0-301F-11D3-BF4B-00C04F79EFBC}") = "FMS_Entity", "FMS_Entity\FMS_Entity.csproj", "{8FE94848-26EC-4547-9C46-40FC4FB25419}"
EndProject
Project("{FAE04EC0-301F-11D3-BF4B-00C04F79EFBC}") = "FMS_DAL", "FMS_DAL\FMS_DAL.csproj", "{D2AD848E-856D-499A-8107-5A212F7CC67A}"
EndProject
Project("{FAE04EC0-301F-11D3-BF4B-00C04F79EFBC}") = "FMS_BLL", "FMS_BLL\FMS_BLL.csproj", "{A19D58B9-E159-4DE2-AD01-7291A1088720}"
EndProject
Project("{FAE04EC0-301F-11D3-BF4B-00C04F79EFBC}") = "FMS_PLL", "FMS_PLL\FMS_PLL.csproj", "{9F597864-005C-4C5E-98FB-C0E7BFA8A58F}"
EndProject
Global
	GlobalSection(SolutionConfigurationPlatforms) = preSolution
		Debug|Any CPU = Debug|Any CPU
		Release|Any CPU = Release|Any CPU
	EndGlobalSection
	GlobalSection(ProjectConfigurationPlatforms) = postSolution
		{44C84E84-EC1B-45C0-ABDE-8EA25F72B901}.Debug|Any CPU.ActiveCfg = Debug|Any CPU
		{44C84E84-EC1B-45C0-ABDE-8EA25F72B901}.Debug|Any CPU.Build.0 = Debug|Any CPU
		{44C84E84-EC1B-45C0-ABDE-8EA25F72B901}.Release|Any CPU.ActiveCfg = Release|Any CPU
		{44C84E84-EC1B-45C0-ABDE-8EA25F72B901}.Release|Any CPU.Build.0 = Release|Any CPU
		{8FE94848-26EC-4547-9C46-40FC4FB25419}.Debug|Any CPU.ActiveCfg = Debug|Any CPU
		{8FE94848-26EC-4547-9C46-40FC4FB25419}.Debug|Any CPU.Build.0 = Debug|Any CPU
		{8FE94848-26EC-4547-9C46-40FC4FB25419}.Release|Any CPU.ActiveCfg = Release|Any CPU
		{8FE94848-26EC-4547-9C46-40FC4FB25419}.Release|Any CPU.Build.0 = Release|Any CPU
		{D2AD848E-856D-499A-8107-5A212F7CC67A}.Debug|Any CPU.ActiveCfg = Debug|Any CPU
		{D2AD848E-856D-499A-8107-5A212F7CC67A}.Debug|Any CPU.Build.0 = Debug|Any CPU
		{D2AD848E-856D-499A-8107-5A212F7CC67A}.Release|Any CPU.ActiveCfg = Release|Any CPU
		{D2AD848E-856D-499A-8107-5A212F7CC67A}.Release|Any CPU.Build.0 = Release|Any CPU
		{A19D58B9-E159-4DE2-AD01-7291A1088720}.Debug|Any CPU.ActiveCfg = Debug|Any CPU
		{A19D58B9-E159-4DE2-AD01-7291A1088720}.Debug|Any CPU.Build.0 = Debug|Any CPU
		{A19D58B9-E159-4DE2-AD01-7291A1088720}.Release|Any CPU.ActiveCfg = Release|Any CPU
		{A19D58B9-E159-4DE2-AD01-7291A1088720}.Release|Any CPU.Build.0 = Release|Any CPU
		{9F597864-005C-4C5E-98FB-C0E7BFA8A58F}.Debug|Any CPU.ActiveCfg = Debug|Any CPU
		{9F597864-005C-4C5E-98FB-C0E7BFA8A58F}.Debug|Any CPU.Build.0 = Debug|Any CPU
		{9F597864-005C-4C5E-98FB-C0E7BFA8A58F}.Release|Any CPU.ActiveCfg = Release|Any CPU
		{9F597864-005C-4C5E-98FB-C0E7BFA8A58F}.Release|Any CPU.Build.0 = Release|Any CPU
	EndGlobalSection
	GlobalSection(SolutionProperties) = preSolution
		HideSolutionNode = FALSE
	EndGlobalSection
	GlobalSection(ExtensibilityGlobals) = postSolution
		SolutionGuid = {6A079D64-8159-4041-87F4-2C963549A661}
	EndGlobalSection
EndGlobal
